
Microsoft Visual Studio Solution File, Format Version 12.00
# Visual Studio Version 16
VisualStudioVersion = 16.0.31229.75
MinimumVisualStudioVersion = 10.0.40219.1
Project("{FAE04EC0-301F-11D3-BF4B-00C04F79EFBC}") = "KargerMinCut", "KargerMinCut.csproj", "{F44D4AFB-7056-4425-A3C2-CF94C960C170}"
EndProject
Project("{FAE04EC0-301F-11D3-BF4B-00C04F79EFBC}") = "GraphAlgos", "..\GraphAlgos\GraphAlgos.csproj", "{3D7F61C8-7EBD-4A26-ADF4-703F0304AED2}"
EndProject
Project("{FAE04EC0-301F-11D3-BF4B-00C04F79EFBC}") = "KargerTester", "..\KargerTester\KargerTester.csproj", "{32C2DBCA-4600-4493-A309-32DF0D27B453}"
EndProject
Global
	GlobalSection(SolutionConfigurationPlatforms) = preSolution
		Debug|Any CPU = Debug|Any CPU
		Release|Any CPU = Release|Any CPU
	EndGlobalSection
	GlobalSection(ProjectConfigurationPlatforms) = postSolution
		{F44D4AFB-7056-4425-A3C2-CF94C960C170}.Debug|Any CPU.ActiveCfg = Debug|Any CPU
		{F44D4AFB-7056-4425-A3C2-CF94C960C170}.Debug|Any CPU.Build.0 = Debug|Any CPU
		{F44D4AFB-7056-4425-A3C2-CF94C960C170}.Release|Any CPU.ActiveCfg = Release|Any CPU
		{F44D4AFB-7056-4425-A3C2-CF94C960C170}.Release|Any CPU.Build.0 = Release|Any CPU
		{3D7F61C8-7EBD-4A26-ADF4-703F0304AED2}.Debug|Any CPU.ActiveCfg = Debug|Any CPU
		{3D7F61C8-7EBD-4A26-ADF4-703F0304AED2}.Debug|Any CPU.Build.0 = Debug|Any CPU
		{3D7F61C8-7EBD-4A26-ADF4-703F0304AED2}.Release|Any CPU.ActiveCfg = Release|Any CPU
		{3D7F61C8-7EBD-4A26-ADF4-703F0304AED2}.Release|Any CPU.Build.0 = Release|Any CPU
		{32C2DBCA-4600-4493-A309-32DF0D27B453}.Debug|Any CPU.ActiveCfg = Debug|Any CPU
		{32C2DBCA-4600-4493-A309-32DF0D27B453}.Debug|Any CPU.Build.0 = Debug|Any CPU
		{32C2DBCA-4600-4493-A309-32DF0D27B453}.Release|Any CPU.ActiveCfg = Release|Any CPU
		{32C2DBCA-4600-4493-A309-32DF0D27B453}.Release|Any CPU.Build.0 = Release|Any CPU
	EndGlobalSection
	GlobalSection(SolutionProperties) = preSolution
		HideSolutionNode = FALSE
	EndGlobalSection
	GlobalSection(ExtensibilityGlobals) = postSolution
		SolutionGuid = {8FC07D30-A288-4BC2-920D-8C9B2CD7A34B}
	EndGlobalSection
EndGlobal
